
Microsoft Visual Studio Solution File, Format Version 12.00
# Visual Studio Version 17
VisualStudioVersion = 17.4.33110.190
MinimumVisualStudioVersion = 10.0.40219.1
Project("{FAE04EC0-301F-11D3-BF4B-00C04F79EFBC}") = "RazorPageMoviee", "RazorPageMoviee.csproj", "{6807C029-7FCC-4B56-A054-D2A86086F062}"
EndProject
Global
	GlobalSection(SolutionConfigurationPlatforms) = preSolution
		Debug|Any CPU = Debug|Any CPU
		Release|Any CPU = Release|Any CPU
	EndGlobalSection
	GlobalSection(ProjectConfigurationPlatforms) = postSolution
		{6807C029-7FCC-4B56-A054-D2A86086F062}.Debug|Any CPU.ActiveCfg = Debug|Any CPU
		{6807C029-7FCC-4B56-A054-D2A86086F062}.Debug|Any CPU.Build.0 = Debug|Any CPU
		{6807C029-7FCC-4B56-A054-D2A86086F062}.Release|Any CPU.ActiveCfg = Release|Any CPU
		{6807C029-7FCC-4B56-A054-D2A86086F062}.Release|Any CPU.Build.0 = Release|Any CPU
	EndGlobalSection
	GlobalSection(SolutionProperties) = preSolution
		HideSolutionNode = FALSE
	EndGlobalSection
	GlobalSection(ExtensibilityGlobals) = postSolution
		SolutionGuid = {AE8CDFB5-5B44-487D-9DA3-381E1A25D5F4}
	EndGlobalSection
EndGlobal
